
Microsoft Visual Studio Solution File, Format Version 12.00
# Visual Studio 14
VisualStudioVersion = 14.0.23107.0
MinimumVisualStudioVersion = 10.0.40219.1
Project("{FAE04EC0-301F-11D3-BF4B-00C04F79EFBC}") = "MarkdownEdit", "MarkdownEdit\MarkdownEdit.csproj", "{DE1D15CE-DF4B-4BD8-8A15-2306C3896885}"
EndProject
Project("{2150E333-8FDC-42A3-9474-1A3956D46DE8}") = "Solution Items", "Solution Items", "{9B81C9BB-9A90-41EB-9AFE-6401D6217D5B}"
EndProject
Project("{FAE04EC0-301F-11D3-BF4B-00C04F79EFBC}") = "UnitTests", "UnitTests\UnitTests.csproj", "{EC7EE115-CDB3-4216-8C3A-41422EC3BDAB}"
EndProject
Global
	GlobalSection(SolutionConfigurationPlatforms) = preSolution
		Debug|Any CPU = Debug|Any CPU
		Debug|Mixed Platforms = Debug|Mixed Platforms
		Debug|Win32 = Debug|Win32
		Debug|x86 = Debug|x86
		Release|Any CPU = Release|Any CPU
		Release|Mixed Platforms = Release|Mixed Platforms
		Release|Win32 = Release|Win32
		Release|x86 = Release|x86
	EndGlobalSection
	GlobalSection(ProjectConfigurationPlatforms) = postSolution
		{DE1D15CE-DF4B-4BD8-8A15-2306C3896885}.Debug|Any CPU.ActiveCfg = Debug|Any CPU
		{DE1D15CE-DF4B-4BD8-8A15-2306C3896885}.Debug|Any CPU.Build.0 = Debug|Any CPU
		{DE1D15CE-DF4B-4BD8-8A15-2306C3896885}.Debug|Mixed Platforms.ActiveCfg = Debug|Any CPU
		{DE1D15CE-DF4B-4BD8-8A15-2306C3896885}.Debug|Mixed Platforms.Build.0 = Debug|Any CPU
		{DE1D15CE-DF4B-4BD8-8A15-2306C3896885}.Debug|Win32.ActiveCfg = Debug|Any CPU
		{DE1D15CE-DF4B-4BD8-8A15-2306C3896885}.Debug|x86.ActiveCfg = Debug|x86
		{DE1D15CE-DF4B-4BD8-8A15-2306C3896885}.Debug|x86.Build.0 = Debug|x86
		{DE1D15CE-DF4B-4BD8-8A15-2306C3896885}.Release|Any CPU.ActiveCfg = Release|Any CPU
		{DE1D15CE-DF4B-4BD8-8A15-2306C3896885}.Release|Any CPU.Build.0 = Release|Any CPU
		{DE1D15CE-DF4B-4BD8-8A15-2306C3896885}.Release|Mixed Platforms.ActiveCfg = Release|Any CPU
		{DE1D15CE-DF4B-4BD8-8A15-2306C3896885}.Release|Mixed Platforms.Build.0 = Release|Any CPU
		{DE1D15CE-DF4B-4BD8-8A15-2306C3896885}.Release|Win32.ActiveCfg = Release|Any CPU
		{DE1D15CE-DF4B-4BD8-8A15-2306C3896885}.Release|x86.ActiveCfg = Release|x86
		{DE1D15CE-DF4B-4BD8-8A15-2306C3896885}.Release|x86.Build.0 = Release|x86
		{EC7EE115-CDB3-4216-8C3A-41422EC3BDAB}.Debug|Any CPU.ActiveCfg = Debug|Any CPU
		{EC7EE115-CDB3-4216-8C3A-41422EC3BDAB}.Debug|Any CPU.Build.0 = Debug|Any CPU
		{EC7EE115-CDB3-4216-8C3A-41422EC3BDAB}.Debug|Mixed Platforms.ActiveCfg = Debug|Any CPU
		{EC7EE115-CDB3-4216-8C3A-41422EC3BDAB}.Debug|Mixed Platforms.Build.0 = Debug|Any CPU
		{EC7EE115-CDB3-4216-8C3A-41422EC3BDAB}.Debug|Win32.ActiveCfg = Debug|Any CPU
		{EC7EE115-CDB3-4216-8C3A-41422EC3BDAB}.Debug|Win32.Build.0 = Debug|Any CPU
		{EC7EE115-CDB3-4216-8C3A-41422EC3BDAB}.Debug|x86.ActiveCfg = Debug|x86
		{EC7EE115-CDB3-4216-8C3A-41422EC3BDAB}.Debug|x86.Build.0 = Debug|x86
		{EC7EE115-CDB3-4216-8C3A-41422EC3BDAB}.Release|Any CPU.ActiveCfg = Release|Any CPU
		{EC7EE115-CDB3-4216-8C3A-41422EC3BDAB}.Release|Any CPU.Build.0 = Release|Any CPU
		{EC7EE115-CDB3-4216-8C3A-41422EC3BDAB}.Release|Mixed Platforms.ActiveCfg = Release|Any CPU
		{EC7EE115-CDB3-4216-8C3A-41422EC3BDAB}.Release|Mixed Platforms.Build.0 = Release|Any CPU
		{EC7EE115-CDB3-4216-8C3A-41422EC3BDAB}.Release|Win32.ActiveCfg = Release|Any CPU
		{EC7EE115-CDB3-4216-8C3A-41422EC3BDAB}.Release|Win32.Build.0 = Release|Any CPU
		{EC7EE115-CDB3-4216-8C3A-41422EC3BDAB}.Release|x86.ActiveCfg = Release|x86
		{EC7EE115-CDB3-4216-8C3A-41422EC3BDAB}.Release|x86.Build.0 = Release|x86
	EndGlobalSection
	GlobalSection(SolutionProperties) = preSolution
		HideSolutionNode = FALSE
	EndGlobalSection
EndGlobal
