
Microsoft Visual Studio Solution File, Format Version 12.00
# Visual Studio 15
VisualStudioVersion = 15.0.26430.14
MinimumVisualStudioVersion = 10.0.40219.1
Project("{FAE04EC0-301F-11D3-BF4B-00C04F79EFBC}") = "MarkdownEdit", "MarkdownEdit\MarkdownEdit.csproj", "{99C9E82C-C594-446D-AA59-8FFBC43AD226}"
EndProject
Project("{2150E333-8FDC-42A3-9474-1A3956D46DE8}") = "Modules", "Modules", "{5E4F8C45-0433-4128-9B04-73139F3D1351}"
EndProject
Project("{FAE04EC0-301F-11D3-BF4B-00C04F79EFBC}") = "EditModule", "Modules\EditModule\EditModule.csproj", "{6D50DA51-72A2-45FF-8A9E-101ED2525EBE}"
EndProject
Project("{FAE04EC0-301F-11D3-BF4B-00C04F79EFBC}") = "PreviewModule", "Modules\PreviewModule\PreviewModule.csproj", "{569D1B6C-0038-4725-9A5C-461C4408AE81}"
EndProject
Project("{FAE04EC0-301F-11D3-BF4B-00C04F79EFBC}") = "Infrastructure", "Infrastructure\Infrastructure.csproj", "{115F8F8C-6530-43AE-ACA6-275BA8FB639A}"
EndProject
Project("{FAE04EC0-301F-11D3-BF4B-00C04F79EFBC}") = "ServicesModule", "Modules\ServicesModule\ServicesModule.csproj", "{EE07CD31-3D0E-4575-BD01-D92118319FF7}"
EndProject
Project("{FAE04EC0-301F-11D3-BF4B-00C04F79EFBC}") = "UnitTests", "UnitTests\UnitTests.csproj", "{DC6B9E6D-7989-4F27-A091-3E4CE87BB1E7}"
EndProject
Global
	GlobalSection(SolutionConfigurationPlatforms) = preSolution
		Debug|Any CPU = Debug|Any CPU
		Release|Any CPU = Release|Any CPU
	EndGlobalSection
	GlobalSection(ProjectConfigurationPlatforms) = postSolution
		{99C9E82C-C594-446D-AA59-8FFBC43AD226}.Debug|Any CPU.ActiveCfg = Debug|Any CPU
		{99C9E82C-C594-446D-AA59-8FFBC43AD226}.Debug|Any CPU.Build.0 = Debug|Any CPU
		{99C9E82C-C594-446D-AA59-8FFBC43AD226}.Release|Any CPU.ActiveCfg = Release|Any CPU
		{99C9E82C-C594-446D-AA59-8FFBC43AD226}.Release|Any CPU.Build.0 = Release|Any CPU
		{6D50DA51-72A2-45FF-8A9E-101ED2525EBE}.Debug|Any CPU.ActiveCfg = Debug|Any CPU
		{6D50DA51-72A2-45FF-8A9E-101ED2525EBE}.Debug|Any CPU.Build.0 = Debug|Any CPU
		{6D50DA51-72A2-45FF-8A9E-101ED2525EBE}.Release|Any CPU.ActiveCfg = Release|Any CPU
		{6D50DA51-72A2-45FF-8A9E-101ED2525EBE}.Release|Any CPU.Build.0 = Release|Any CPU
		{569D1B6C-0038-4725-9A5C-461C4408AE81}.Debug|Any CPU.ActiveCfg = Debug|Any CPU
		{569D1B6C-0038-4725-9A5C-461C4408AE81}.Debug|Any CPU.Build.0 = Debug|Any CPU
		{569D1B6C-0038-4725-9A5C-461C4408AE81}.Release|Any CPU.ActiveCfg = Release|Any CPU
		{569D1B6C-0038-4725-9A5C-461C4408AE81}.Release|Any CPU.Build.0 = Release|Any CPU
		{115F8F8C-6530-43AE-ACA6-275BA8FB639A}.Debug|Any CPU.ActiveCfg = Debug|Any CPU
		{115F8F8C-6530-43AE-ACA6-275BA8FB639A}.Debug|Any CPU.Build.0 = Debug|Any CPU
		{115F8F8C-6530-43AE-ACA6-275BA8FB639A}.Release|Any CPU.ActiveCfg = Release|Any CPU
		{115F8F8C-6530-43AE-ACA6-275BA8FB639A}.Release|Any CPU.Build.0 = Release|Any CPU
		{EE07CD31-3D0E-4575-BD01-D92118319FF7}.Debug|Any CPU.ActiveCfg = Debug|Any CPU
		{EE07CD31-3D0E-4575-BD01-D92118319FF7}.Debug|Any CPU.Build.0 = Debug|Any CPU
		{EE07CD31-3D0E-4575-BD01-D92118319FF7}.Release|Any CPU.ActiveCfg = Release|Any CPU
		{EE07CD31-3D0E-4575-BD01-D92118319FF7}.Release|Any CPU.Build.0 = Release|Any CPU
		{DC6B9E6D-7989-4F27-A091-3E4CE87BB1E7}.Debug|Any CPU.ActiveCfg = Debug|Any CPU
		{DC6B9E6D-7989-4F27-A091-3E4CE87BB1E7}.Debug|Any CPU.Build.0 = Debug|Any CPU
		{DC6B9E6D-7989-4F27-A091-3E4CE87BB1E7}.Release|Any CPU.ActiveCfg = Release|Any CPU
		{DC6B9E6D-7989-4F27-A091-3E4CE87BB1E7}.Release|Any CPU.Build.0 = Release|Any CPU
	EndGlobalSection
	GlobalSection(SolutionProperties) = preSolution
		HideSolutionNode = FALSE
	EndGlobalSection
	GlobalSection(NestedProjects) = preSolution
		{6D50DA51-72A2-45FF-8A9E-101ED2525EBE} = {5E4F8C45-0433-4128-9B04-73139F3D1351}
		{569D1B6C-0038-4725-9A5C-461C4408AE81} = {5E4F8C45-0433-4128-9B04-73139F3D1351}
		{EE07CD31-3D0E-4575-BD01-D92118319FF7} = {5E4F8C45-0433-4128-9B04-73139F3D1351}
	EndGlobalSection
EndGlobal
